// !$*UTF8*$!
{
	archiveVersion = 1;
	classes = {
	};
	objectVersion = 46;
	objects = {

/* Begin PBXBuildFile section */
		BA9CA48A1C35A0E200D42C19 /* AppDelegate.swift in Sources */ = {isa = PBXBuildFile; fileRef = BA9CA4891C35A0E200D42C19 /* AppDelegate.swift */; };
		BA9CA48C1C35A0E200D42C19 /* ViewController.swift in Sources */ = {isa = PBXBuildFile; fileRef = BA9CA48B1C35A0E200D42C19 /* ViewController.swift */; };
		BA9CA48F1C35A0E200D42C19 /* Main.storyboard in Resources */ = {isa = PBXBuildFile; fileRef = BA9CA48D1C35A0E200D42C19 /* Main.storyboard */; };
		BA9CA4911C35A0E200D42C19 /* Assets.xcassets in Resources */ = {isa = PBXBuildFile; fileRef = BA9CA4901C35A0E200D42C19 /* Assets.xcassets */; };
		BA9CA4941C35A0E200D42C19 /* LaunchScreen.storyboard in Resources */ = {isa = PBXBuildFile; fileRef = BA9CA4921C35A0E200D42C19 /* LaunchScreen.storyboard */; };
		BA9CA49C1C35A6B000D42C19 /* pokemon.csv in Resources */ = {isa = PBXBuildFile; fileRef = BA9CA49B1C35A6B000D42C19 /* pokemon.csv */; };
/* End PBXBuildFile section */

/* Begin PBXFileReference section */
		BA9CA4861C35A0E200D42C19 /* Pokemon.app */ = {isa = PBXFileReference; explicitFileType = wrapper.application; includeInIndex = 0; path = Pokemon.app; sourceTree = BUILT_PRODUCTS_DIR; };
		BA9CA4891C35A0E200D42C19 /* AppDelegate.swift */ = {isa = PBXFileReference; lastKnownFileType = sourcecode.swift; path = AppDelegate.swift; sourceTree = "<group>"; };
		BA9CA48B1C35A0E200D42C19 /* ViewController.swift */ = {isa = PBXFileReference; lastKnownFileType = sourcecode.swift; path = ViewController.swift; sourceTree = "<group>"; };
		BA9CA48E1C35A0E200D42C19 /* Base */ = {isa = PBXFileReference; lastKnownFileType = file.storyboard; name = Base; path = Base.lproj/Main.storyboard; sourceTree = "<group>"; };
		BA9CA4901C35A0E200D42C19 /* Assets.xcassets */ = {isa = PBXFileReference; lastKnownFileType = folder.assetcatalog; path = Assets.xcassets; sourceTree = "<group>"; };
		BA9CA4931C35A0E200D42C19 /* Base */ = {isa = PBXFileReference; lastKnownFileType = file.storyboard; name = Base; path = Base.lproj/LaunchScreen.storyboard; sourceTree = "<group>"; };
		BA9CA4951C35A0E200D42C19 /* Info.plist */ = {isa = PBXFileReference; lastKnownFileType = text.plist.xml; path = Info.plist; sourceTree = "<group>"; };
		BA9CA49B1C35A6B000D42C19 /* pokemon.csv */ = {isa = PBXFileReference; fileEncoding = 4; lastKnownFileType = text; path = pokemon.csv; sourceTree = "<group>"; };
/* End PBXFileReference section */

/* Begin PBXFrameworksBuildPhase section */
		BA9CA4831C35A0E200D42C19 /* Frameworks */ = {
			isa = PBXFrameworksBuildPhase;
			buildActionMask = 2147483647;
			files = (
			);
			runOnlyForDeploymentPostprocessing = 0;
		};
/* End PBXFrameworksBuildPhase section */

/* Begin PBXGroup section */
		BA9CA47D1C35A0E200D42C19 = {
			isa = PBXGroup;
			children = (
				BA9CA4881C35A0E200D42C19 /* Pokemon */,
				BA9CA4871C35A0E200D42C19 /* Products */,
			);
			sourceTree = "<group>";
		};
		BA9CA4871C35A0E200D42C19 /* Products */ = {
			isa = PBXGroup;
			children = (
				BA9CA4861C35A0E200D42C19 /* Pokemon.app */,
			);
			name = Products;
			sourceTree = "<group>";
		};
		BA9CA4881C35A0E200D42C19 /* Pokemon */ = {
			isa = PBXGroup;
			children = (
				BA9CA4891C35A0E200D42C19 /* AppDelegate.swift */,
				BA9CA48B1C35A0E200D42C19 /* ViewController.swift */,
				BA9CA49B1C35A6B000D42C19 /* pokemon.csv */,
				BA9CA48D1C35A0E200D42C19 /* Main.storyboard */,
				BA9CA4901C35A0E200D42C19 /* Assets.xcassets */,
				BA9CA4921C35A0E200D42C19 /* LaunchScreen.storyboard */,
				BA9CA4951C35A0E200D42C19 /* Info.plist */,
			);
			path = Pokemon;
			sourceTree = "<group>";
		};
/* End PBXGroup section */

/* Begin PBXNativeTarget section */
		BA9CA4851C35A0E200D42C19 /* Pokemon */ = {
			isa = PBXNativeTarget;
			buildConfigurationList = BA9CA4981C35A0E200D42C19 /* Build configuration list for PBXNativeTarget "Pokemon" */;
			buildPhases = (
				BA9CA4821C35A0E200D42C19 /* Sources */,
				BA9CA4831C35A0E200D42C19 /* Frameworks */,
				BA9CA4841C35A0E200D42C19 /* Resources */,
			);
			buildRules = (
			);
			dependencies = (
			);
			name = Pokemon;
			productName = Pokemon;
			productReference = BA9CA4861C35A0E200D42C19 /* Pokemon.app */;
			productType = "com.apple.product-type.application";
		};
/* End PBXNativeTarget section */

/* Begin PBXProject section */
		BA9CA47E1C35A0E200D42C19 /* Project object */ = {
			isa = PBXProject;
			attributes = {
				LastSwiftUpdateCheck = 0720;
				LastUpgradeCheck = 0720;
				ORGANIZATIONNAME = CODECOOP;
				TargetAttributes = {
					BA9CA4851C35A0E200D42C19 = {
						CreatedOnToolsVersion = 7.2;
					};
				};
			};
			buildConfigurationList = BA9CA4811C35A0E200D42C19 /* Build configuration list for PBXProject "Pokemon" */;
			compatibilityVersion = "Xcode 3.2";
			developmentRegion = English;
			hasScannedForEncodings = 0;
			knownRegions = (
				en,
				Base,
			);
			mainGroup = BA9CA47D1C35A0E200D42C19;
			productRefGroup = BA9CA4871C35A0E200D42C19 /* Products */;
			projectDirPath = "";
			projectRoot = "";
			targets = (
				BA9CA4851C35A0E200D42C19 /* Pokemon */,
			);
		};
/* End PBXProject section */

/* Begin PBXResourcesBuildPhase section */
		BA9CA4841C35A0E200D42C19 /* Resources */ = {
			isa = PBXResourcesBuildPhase;
			buildActionMask = 2147483647;
			files = (
				BA9CA4941C35A0E200D42C19 /* LaunchScreen.storyboard in Resources */,
				BA9CA4911C35A0E200D42C19 /* Assets.xcassets in Resources */,
				BA9CA49C1C35A6B000D42C19 /* pokemon.csv in Resources */,
				BA9CA48F1C35A0E200D42C19 /* Main.storyboard in Resources */,
			);
			runOnlyForDeploymentPostprocessing = 0;
		};
/* End PBXResourcesBuildPhase section */

/* Begin PBXSourcesBuildPhase section */
		BA9CA4821C35A0E200D42C19 /* Sources */ = {
			isa = PBXSourcesBuildPhase;
			buildActionMask = 2147483647;
			files = (
				BA9CA48C1C35A0E200D42C19 /* ViewController.swift in Sources */,
				BA9CA48A1C35A0E200D42C19 /* AppDelegate.swift in Sources */,
			);
			runOnlyForDeploymentPostprocessing = 0;
		};
/* End PBXSourcesBuildPhase section */

/* Begin PBXVariantGroup section */
		BA9CA48D1C35A0E200D42C19 /* Main.storyboard */ = {
			isa = PBXVariantGroup;
			children = (
				BA9CA48E1C35A0E200D42C19 /* Base */,
			);
			name = Main.storyboard;
			sourceTree = "<group>";
		};
		BA9CA4921C35A0E200D42C19 /* LaunchScreen.storyboard */ = {
			isa = PBXVariantGroup;
			children = (
				BA9CA4931C35A0E200D42C19 /* Base */,
			);
			name = LaunchScreen.storyboard;
			sourceTree = "<group>";
		};
/* End PBXVariantGroup section */

/* Begin XCBuildConfiguration section */
		BA9CA4961C35A0E200D42C19 /* Debug */ = {
			isa = XCBuildConfiguration;
			buildSettings = {
				ALWAYS_SEARCH_USER_PATHS = NO;
				CLANG_CXX_LANGUAGE_STANDARD = "gnu++0x";
				CLANG_CXX_LIBRARY = "libc++";
				CLANG_ENABLE_MODULES = YES;
				CLANG_ENABLE_OBJC_ARC = YES;
				CLANG_WARN_BOOL_CONVERSION = YES;
				CLANG_WARN_CONSTANT_CONVERSION = YES;
				CLANG_WARN_DIRECT_OBJC_ISA_USAGE = YES_ERROR;
				CLANG_WARN_EMPTY_BODY = YES;
				CLANG_WARN_ENUM_CONVERSION = YES;
				CLANG_WARN_INT_CONVERSION = YES;
				CLANG_WARN_OBJC_ROOT_CLASS = YES_ERROR;
				CLANG_WARN_UNREACHABLE_CODE = YES;
				CLANG_WARN__DUPLICATE_METHOD_MATCH = YES;
				"CODE_SIGN_IDENTITY[sdk=iphoneos*]" = "iPhone Developer";
				COPY_PHASE_STRIP = NO;
				DEBUG_INFORMATION_FORMAT = dwarf;
				ENABLE_STRICT_OBJC_MSGSEND = YES;
				ENABLE_TESTABILITY = YES;
				GCC_C_LANGUAGE_STANDARD = gnu99;
				GCC_DYNAMIC_NO_PIC = NO;
				GCC_NO_COMMON_BLOCKS = YES;
				GCC_OPTIMIZATION_LEVEL = 0;
				GCC_PREPROCESSOR_DEFINITIONS = (
					"DEBUG=1",
					"$(inherited)",
				);
				GCC_WARN_64_TO_32_BIT_CONVERSION = YES;
				GCC_WARN_ABOUT_RETURN_TYPE = YES_ERROR;
				GCC_WARN_UNDECLARED_SELECTOR = YES;
				GCC_WARN_UNINITIALIZED_AUTOS = YES_AGGRESSIVE;
				GCC_WARN_UNUSED_FUNCTION = YES;
				GCC_WARN_UNUSED_VARIABLE = YES;
				IPHONEOS_DEPLOYMENT_TARGET = 9.2;
				MTL_ENABLE_DEBUG_INFO = YES;
				ONLY_ACTIVE_ARCH = YES;
				SDKROOT = iphoneos;
				SWIFT_OPTIMIZATION_LEVEL = "-Onone";
			};
			name = Debug;
		};
		BA9CA4971C35A0E200D42C19 /* Release */ = {
			isa = XCBuildConfiguration;
			buildSettings = {
				ALWAYS_SEARCH_USER_PATHS = NO;
				CLANG_CXX_LANGUAGE_STANDARD = "gnu++0x";
				CLANG_CXX_LIBRARY = "libc++";
				CLANG_ENABLE_MODULES = YES;
				CLANG_ENABLE_OBJC_ARC = YES;
				CLANG_WARN_BOOL_CONVERSION = YES;
				CLANG_WARN_CONSTANT_CONVERSION = YES;
				CLANG_WARN_DIRECT_OBJC_ISA_USAGE = YES_ERROR;
				CLANG_WARN_EMPTY_BODY = YES;
				CLANG_WARN_ENUM_CONVERSION = YES;
				CLANG_WARN_INT_CONVERSION = YES;
				CLANG_WARN_OBJC_ROOT_CLASS = YES_ERROR;
				CLANG_WARN_UNREACHABLE_CODE = YES;
				CLANG_WARN__DUPLICATE_METHOD_MATCH = YES;
				"CODE_SIGN_IDENTITY[sdk=iphoneos*]" = "iPhone Developer";
				COPY_PHASE_STRIP = NO;
				DEBUG_INFORMATION_FORMAT = "dwarf-with-dsym";
				ENABLE_NS_ASSERTIONS = NO;
				ENABLE_STRICT_OBJC_MSGSEND = YES;
				GCC_C_LANGUAGE_STANDARD = gnu99;
				GCC_NO_COMMON_BLOCKS = YES;
				GCC_WARN_64_TO_32_BIT_CONVERSION = YES;
				GCC_WARN_ABOUT_RETURN_TYPE = YES_ERROR;
				GCC_WARN_UNDECLARED_SELECTOR = YES;
				GCC_WARN_UNINITIALIZED_AUTOS = YES_AGGRESSIVE;
				GCC_WARN_UNUSED_FUNCTION = YES;
				GCC_WARN_UNUSED_VARIABLE = YES;
				IPHONEOS_DEPLOYMENT_TARGET = 9.2;
				MTL_ENABLE_DEBUG_INFO = NO;
				SDKROOT = iphoneos;
				VALIDATE_PRODUCT = YES;
			};
			name = Release;
		};
		BA9CA4991C35A0E200D42C19 /* Debug */ = {
			isa = XCBuildConfiguration;
			buildSettings = {
				ASSETCATALOG_COMPILER_APPICON_NAME = AppIcon;
				INFOPLIST_FILE = Pokemon/Info.plist;
				LD_RUNPATH_SEARCH_PATHS = "$(inherited) @executable_path/Frameworks";
				PRODUCT_BUNDLE_IDENTIFIER = net.codecoop.Pokemon;
				PRODUCT_NAME = "$(TARGET_NAME)";
			};
			name = Debug;
		};
		BA9CA49A1C35A0E200D42C19 /* Release */ = {
			isa = XCBuildConfiguration;
			buildSettings = {
				ASSETCATALOG_COMPILER_APPICON_NAME = AppIcon;
				INFOPLIST_FILE = Pokemon/Info.plist;
				LD_RUNPATH_SEARCH_PATHS = "$(inherited) @executable_path/Frameworks";
				PRODUCT_BUNDLE_IDENTIFIER = net.codecoop.Pokemon;
				PRODUCT_NAME = "$(TARGET_NAME)";
			};
			name = Release;
		};
/* End XCBuildConfiguration section */

/* Begin XCConfigurationList section */
		BA9CA4811C35A0E200D42C19 /* Build configuration list for PBXProject "Pokemon" */ = {
			isa = XCConfigurationList;
			buildConfigurations = (
				BA9CA4961C35A0E200D42C19 /* Debug */,
				BA9CA4971C35A0E200D42C19 /* Release */,
			);
			defaultConfigurationIsVisible = 0;
			defaultConfigurationName = Release;
		};
		BA9CA4981C35A0E200D42C19 /* Build configuration list for PBXNativeTarget "Pokemon" */ = {
			isa = XCConfigurationList;
			buildConfigurations = (
				BA9CA4991C35A0E200D42C19 /* Debug */,
				BA9CA49A1C35A0E200D42C19 /* Release */,
			);
			defaultConfigurationIsVisible = 0;
		};
/* End XCConfigurationList section */
	};
	rootObject = BA9CA47E1C35A0E200D42C19 /* Project object */;
}
